
Microsoft Visual Studio Solution File, Format Version 12.00
# Visual Studio Version 16
VisualStudioVersion = 16.0.29519.87
MinimumVisualStudioVersion = 10.0.40219.1
Project("{9A19103F-16F7-4668-BE54-9A1E7A4F7556}") = "ChatsConstructor.WebApi", "BackEnd\ChatsConstructor.WebApi.csproj", "{C83BE9F3-9CFE-442A-AA9F-51BB005B1C2A}"
EndProject
Project("{2150E333-8FDC-42A3-9474-1A3956D46DE8}") = "BackEnd", "BackEnd", "{3546DC3D-E74E-4753-9D9B-1FB48DDDE439}"
EndProject
Global
	GlobalSection(SolutionConfigurationPlatforms) = preSolution
		Debug|Any CPU = Debug|Any CPU
		Release|Any CPU = Release|Any CPU
	EndGlobalSection
	GlobalSection(ProjectConfigurationPlatforms) = postSolution
		{C83BE9F3-9CFE-442A-AA9F-51BB005B1C2A}.Debug|Any CPU.ActiveCfg = Debug|Any CPU
		{C83BE9F3-9CFE-442A-AA9F-51BB005B1C2A}.Debug|Any CPU.Build.0 = Debug|Any CPU
		{C83BE9F3-9CFE-442A-AA9F-51BB005B1C2A}.Release|Any CPU.ActiveCfg = Release|Any CPU
		{C83BE9F3-9CFE-442A-AA9F-51BB005B1C2A}.Release|Any CPU.Build.0 = Release|Any CPU
	EndGlobalSection
	GlobalSection(SolutionProperties) = preSolution
		HideSolutionNode = FALSE
	EndGlobalSection
	GlobalSection(NestedProjects) = preSolution
		{C83BE9F3-9CFE-442A-AA9F-51BB005B1C2A} = {3546DC3D-E74E-4753-9D9B-1FB48DDDE439}
	EndGlobalSection
	GlobalSection(ExtensibilityGlobals) = postSolution
		SolutionGuid = {A43364E6-6378-49F6-83B8-DD2C2D4A4EF0}
	EndGlobalSection
EndGlobal
